# This is a Gradle generated file for dependency locking.
# Manual edits can break the build and are not advised.
# This file is expected to be part of source control.
com.google.auto.service:auto-service-annotations:1.1.1=runtimeClasspath
com.google.auto.service:auto-service:1.1.1=runtimeClasspath
com.google.auto:auto-common:1.2.1=runtimeClasspath
com.google.code.findbugs:jsr305:3.0.2=runtimeClasspath
com.google.devtools.ksp:symbol-processing-api:2.3.4=runtimeClasspath
com.google.errorprone:error_prone_annotations:2.18.0=runtimeClasspath
com.google.guava:failureaccess:1.0.1=runtimeClasspath
com.google.guava:guava:32.0.1-jre=runtimeClasspath
com.google.j2objc:j2objc-annotations:2.8=runtimeClasspath
com.squareup:kotlinpoet-jvm:2.2.0=runtimeClasspath
com.squareup:kotlinpoet:2.2.0=runtimeClasspath
net.dreamlu:mica-auto:4.0.1=runtimeClasspath
org.checkerframework:checker-qual:3.33.0=runtimeClasspath
org.jetbrains.kotlin:kotlin-metadata-jvm:2.3.0=runtimeClasspath
org.jetbrains.kotlin:kotlin-reflect:2.3.0=runtimeClasspath
org.jetbrains.kotlin:kotlin-stdlib:2.3.0=runtimeClasspath
org.jetbrains:annotations:13.0=runtimeClasspath
org.slf4j:slf4j-bom:2.1.0-alpha1=runtimeClasspath
org.springframework.boot:spring-boot-autoconfigure-processor:4.0.0=runtimeClasspath
org.springframework.boot:spring-boot-configuration-processor:4.0.0=runtimeClasspath
empty=
